
Microsoft Visual Studio Solution File, Format Version 12.00
# Visual Studio Version 16
VisualStudioVersion = 16.0.30225.117
MinimumVisualStudioVersion = 10.0.40219.1
Project("{FAE04EC0-301F-11D3-BF4B-00C04F79EFBC}") = "SalesWebMvc", "SalesWebMvc\SalesWebMvc.csproj", "{630385B4-3EDC-4388-998E-A971337BBB00}"
EndProject
Global
	GlobalSection(SolutionConfigurationPlatforms) = preSolution
		Debug|Any CPU = Debug|Any CPU
		Release|Any CPU = Release|Any CPU
	EndGlobalSection
	GlobalSection(ProjectConfigurationPlatforms) = postSolution
		{630385B4-3EDC-4388-998E-A971337BBB00}.Debug|Any CPU.ActiveCfg = Debug|Any CPU
		{630385B4-3EDC-4388-998E-A971337BBB00}.Debug|Any CPU.Build.0 = Debug|Any CPU
		{630385B4-3EDC-4388-998E-A971337BBB00}.Release|Any CPU.ActiveCfg = Release|Any CPU
		{630385B4-3EDC-4388-998E-A971337BBB00}.Release|Any CPU.Build.0 = Release|Any CPU
	EndGlobalSection
	GlobalSection(SolutionProperties) = preSolution
		HideSolutionNode = FALSE
	EndGlobalSection
	GlobalSection(ExtensibilityGlobals) = postSolution
		SolutionGuid = {F7EDB866-4D8B-4E48-82C0-8552C96EC5BF}
	EndGlobalSection
EndGlobal
